
Microsoft Visual Studio Solution File, Format Version 12.00
# Visual Studio Version 16
VisualStudioVersion = 16.0.32630.194
MinimumVisualStudioVersion = 10.0.40219.1
Project("{FAE04EC0-301F-11D3-BF4B-00C04F79EFBC}") = "webapi1", "webapi1\webapi1.csproj", "{E79AF464-2783-4472-A453-CF55B212D6C6}"
EndProject
Global
	GlobalSection(SolutionConfigurationPlatforms) = preSolution
		Debug|Any CPU = Debug|Any CPU
		Release|Any CPU = Release|Any CPU
	EndGlobalSection
	GlobalSection(ProjectConfigurationPlatforms) = postSolution
		{E79AF464-2783-4472-A453-CF55B212D6C6}.Debug|Any CPU.ActiveCfg = Debug|Any CPU
		{E79AF464-2783-4472-A453-CF55B212D6C6}.Debug|Any CPU.Build.0 = Debug|Any CPU
		{E79AF464-2783-4472-A453-CF55B212D6C6}.Release|Any CPU.ActiveCfg = Release|Any CPU
		{E79AF464-2783-4472-A453-CF55B212D6C6}.Release|Any CPU.Build.0 = Release|Any CPU
	EndGlobalSection
	GlobalSection(SolutionProperties) = preSolution
		HideSolutionNode = FALSE
	EndGlobalSection
	GlobalSection(ExtensibilityGlobals) = postSolution
		SolutionGuid = {C9D5D88A-0C55-40E5-8708-03F02B60A0FE}
	EndGlobalSection
EndGlobal
